// !$*UTF8*$!
{
	archiveVersion = 1;
	classes = {
	};
	objectVersion = 46;
	objects = {

/* Begin PBXBuildFile section */
		D305A8411E341A6B00262032 /* AppDelegate.swift in Sources */ = {isa = PBXBuildFile; fileRef = D305A8401E341A6B00262032 /* AppDelegate.swift */; };
		D305A8431E341A6B00262032 /* ViewController.swift in Sources */ = {isa = PBXBuildFile; fileRef = D305A8421E341A6B00262032 /* ViewController.swift */; };
		D305A8461E341A6B00262032 /* Main.storyboard in Resources */ = {isa = PBXBuildFile; fileRef = D305A8441E341A6B00262032 /* Main.storyboard */; };
		D305A8481E341A6B00262032 /* Assets.xcassets in Resources */ = {isa = PBXBuildFile; fileRef = D305A8471E341A6B00262032 /* Assets.xcassets */; };
		D305A84B1E341A6B00262032 /* LaunchScreen.storyboard in Resources */ = {isa = PBXBuildFile; fileRef = D305A8491E341A6B00262032 /* LaunchScreen.storyboard */; };
		F56170EF26475E3D49E4318A /* Pods_WMSKitDemo.framework in Frameworks */ = {isa = PBXBuildFile; fileRef = 2A4B9E8D4235A840237B9E28 /* Pods_WMSKitDemo.framework */; };
/* End PBXBuildFile section */

/* Begin PBXFileReference section */
		2A4B9E8D4235A840237B9E28 /* Pods_WMSKitDemo.framework */ = {isa = PBXFileReference; explicitFileType = wrapper.framework; includeInIndex = 0; path = Pods_WMSKitDemo.framework; sourceTree = BUILT_PRODUCTS_DIR; };
		5D28A360178FC671686956EE /* Pods-WMSKitDemo.debug.xcconfig */ = {isa = PBXFileReference; includeInIndex = 1; lastKnownFileType = text.xcconfig; name = "Pods-WMSKitDemo.debug.xcconfig"; path = "Pods/Target Support Files/Pods-WMSKitDemo/Pods-WMSKitDemo.debug.xcconfig"; sourceTree = "<group>"; };
		D305A83D1E341A6B00262032 /* WMSKitDemo.app */ = {isa = PBXFileReference; explicitFileType = wrapper.application; includeInIndex = 0; path = WMSKitDemo.app; sourceTree = BUILT_PRODUCTS_DIR; };
		D305A8401E341A6B00262032 /* AppDelegate.swift */ = {isa = PBXFileReference; lastKnownFileType = sourcecode.swift; path = AppDelegate.swift; sourceTree = "<group>"; };
		D305A8421E341A6B00262032 /* ViewController.swift */ = {isa = PBXFileReference; lastKnownFileType = sourcecode.swift; path = ViewController.swift; sourceTree = "<group>"; };
		D305A8451E341A6B00262032 /* Base */ = {isa = PBXFileReference; lastKnownFileType = file.storyboard; name = Base; path = Base.lproj/Main.storyboard; sourceTree = "<group>"; };
		D305A8471E341A6B00262032 /* Assets.xcassets */ = {isa = PBXFileReference; lastKnownFileType = folder.assetcatalog; path = Assets.xcassets; sourceTree = "<group>"; };
		D305A84A1E341A6B00262032 /* Base */ = {isa = PBXFileReference; lastKnownFileType = file.storyboard; name = Base; path = Base.lproj/LaunchScreen.storyboard; sourceTree = "<group>"; };
		D305A84C1E341A6B00262032 /* Info.plist */ = {isa = PBXFileReference; lastKnownFileType = text.plist.xml; path = Info.plist; sourceTree = "<group>"; };
		E566A1190082EF876F982DC3 /* Pods-WMSKitDemo.release.xcconfig */ = {isa = PBXFileReference; includeInIndex = 1; lastKnownFileType = text.xcconfig; name = "Pods-WMSKitDemo.release.xcconfig"; path = "Pods/Target Support Files/Pods-WMSKitDemo/Pods-WMSKitDemo.release.xcconfig"; sourceTree = "<group>"; };
/* End PBXFileReference section */

/* Begin PBXFrameworksBuildPhase section */
		D305A83A1E341A6B00262032 /* Frameworks */ = {
			isa = PBXFrameworksBuildPhase;
			buildActionMask = 2147483647;
			files = (
				F56170EF26475E3D49E4318A /* Pods_WMSKitDemo.framework in Frameworks */,
			);
			runOnlyForDeploymentPostprocessing = 0;
		};
/* End PBXFrameworksBuildPhase section */

/* Begin PBXGroup section */
		0A0854B6997F55735D45FB22 /* Frameworks */ = {
			isa = PBXGroup;
			children = (
				2A4B9E8D4235A840237B9E28 /* Pods_WMSKitDemo.framework */,
			);
			name = Frameworks;
			sourceTree = "<group>";
		};
		582BF1BE2197592B812E871A /* Pods */ = {
			isa = PBXGroup;
			children = (
				5D28A360178FC671686956EE /* Pods-WMSKitDemo.debug.xcconfig */,
				E566A1190082EF876F982DC3 /* Pods-WMSKitDemo.release.xcconfig */,
			);
			name = Pods;
			sourceTree = "<group>";
		};
		D305A8341E341A6B00262032 = {
			isa = PBXGroup;
			children = (
				D305A83F1E341A6B00262032 /* WMSKitDemo */,
				D305A83E1E341A6B00262032 /* Products */,
				582BF1BE2197592B812E871A /* Pods */,
				0A0854B6997F55735D45FB22 /* Frameworks */,
			);
			sourceTree = "<group>";
		};
		D305A83E1E341A6B00262032 /* Products */ = {
			isa = PBXGroup;
			children = (
				D305A83D1E341A6B00262032 /* WMSKitDemo.app */,
			);
			name = Products;
			sourceTree = "<group>";
		};
		D305A83F1E341A6B00262032 /* WMSKitDemo */ = {
			isa = PBXGroup;
			children = (
				D305A8401E341A6B00262032 /* AppDelegate.swift */,
				D305A8421E341A6B00262032 /* ViewController.swift */,
				D305A8441E341A6B00262032 /* Main.storyboard */,
				D305A8471E341A6B00262032 /* Assets.xcassets */,
				D305A8491E341A6B00262032 /* LaunchScreen.storyboard */,
				D305A84C1E341A6B00262032 /* Info.plist */,
			);
			path = WMSKitDemo;
			sourceTree = "<group>";
		};
/* End PBXGroup section */

/* Begin PBXNativeTarget section */
		D305A83C1E341A6B00262032 /* WMSKitDemo */ = {
			isa = PBXNativeTarget;
			buildConfigurationList = D305A84F1E341A6B00262032 /* Build configuration list for PBXNativeTarget "WMSKitDemo" */;
			buildPhases = (
				C91F251B26A85E0F0DA570DE /* [CP] Check Pods Manifest.lock */,
				D305A8391E341A6B00262032 /* Sources */,
				D305A83A1E341A6B00262032 /* Frameworks */,
				D305A83B1E341A6B00262032 /* Resources */,
				EFCFF4A7802B2CECBC9F7FEB /* [CP] Embed Pods Frameworks */,
				2C485CCE2DB3299C4AFD9C8C /* [CP] Copy Pods Resources */,
			);
			buildRules = (
			);
			dependencies = (
			);
			name = WMSKitDemo;
			productName = WMSKitDemo;
			productReference = D305A83D1E341A6B00262032 /* WMSKitDemo.app */;
			productType = "com.apple.product-type.application";
		};
/* End PBXNativeTarget section */

/* Begin PBXProject section */
		D305A8351E341A6B00262032 /* Project object */ = {
			isa = PBXProject;
			attributes = {
				LastSwiftUpdateCheck = 0820;
				LastUpgradeCheck = 0820;
				ORGANIZATIONNAME = "Erik Haider Forsen";
				TargetAttributes = {
					D305A83C1E341A6B00262032 = {
						CreatedOnToolsVersion = 8.2.1;
						DevelopmentTeam = 7EW74P6JJK;
						ProvisioningStyle = Automatic;
					};
				};
			};
			buildConfigurationList = D305A8381E341A6B00262032 /* Build configuration list for PBXProject "WMSKitDemo" */;
			compatibilityVersion = "Xcode 3.2";
			developmentRegion = English;
			hasScannedForEncodings = 0;
			knownRegions = (
				en,
				Base,
			);
			mainGroup = D305A8341E341A6B00262032;
			productRefGroup = D305A83E1E341A6B00262032 /* Products */;
			projectDirPath = "";
			projectRoot = "";
			targets = (
				D305A83C1E341A6B00262032 /* WMSKitDemo */,
			);
		};
/* End PBXProject section */

/* Begin PBXResourcesBuildPhase section */
		D305A83B1E341A6B00262032 /* Resources */ = {
			isa = PBXResourcesBuildPhase;
			buildActionMask = 2147483647;
			files = (
				D305A84B1E341A6B00262032 /* LaunchScreen.storyboard in Resources */,
				D305A8481E341A6B00262032 /* Assets.xcassets in Resources */,
				D305A8461E341A6B00262032 /* Main.storyboard in Resources */,
			);
			runOnlyForDeploymentPostprocessing = 0;
		};
/* End PBXResourcesBuildPhase section */

/* Begin PBXShellScriptBuildPhase section */
		2C485CCE2DB3299C4AFD9C8C /* [CP] Copy Pods Resources */ = {
			isa = PBXShellScriptBuildPhase;
			buildActionMask = 2147483647;
			files = (
			);
			inputPaths = (
			);
			name = "[CP] Copy Pods Resources";
			outputPaths = (
			);
			runOnlyForDeploymentPostprocessing = 0;
			shellPath = /bin/sh;
			shellScript = "\"${SRCROOT}/Pods/Target Support Files/Pods-WMSKitDemo/Pods-WMSKitDemo-resources.sh\"\n";
			showEnvVarsInLog = 0;
		};
		C91F251B26A85E0F0DA570DE /* [CP] Check Pods Manifest.lock */ = {
			isa = PBXShellScriptBuildPhase;
			buildActionMask = 2147483647;
			files = (
			);
			inputPaths = (
			);
			name = "[CP] Check Pods Manifest.lock";
			outputPaths = (
			);
			runOnlyForDeploymentPostprocessing = 0;
			shellPath = /bin/sh;
			shellScript = "diff \"${PODS_ROOT}/../Podfile.lock\" \"${PODS_ROOT}/Manifest.lock\" > /dev/null\nif [ $? != 0 ] ; then\n    # print error to STDERR\n    echo \"error: The sandbox is not in sync with the Podfile.lock. Run 'pod install' or update your CocoaPods installation.\" >&2\n    exit 1\nfi\n";
			showEnvVarsInLog = 0;
		};
		EFCFF4A7802B2CECBC9F7FEB /* [CP] Embed Pods Frameworks */ = {
			isa = PBXShellScriptBuildPhase;
			buildActionMask = 2147483647;
			files = (
			);
			inputPaths = (
			);
			name = "[CP] Embed Pods Frameworks";
			outputPaths = (
			);
			runOnlyForDeploymentPostprocessing = 0;
			shellPath = /bin/sh;
			shellScript = "\"${SRCROOT}/Pods/Target Support Files/Pods-WMSKitDemo/Pods-WMSKitDemo-frameworks.sh\"\n";
			showEnvVarsInLog = 0;
		};
/* End PBXShellScriptBuildPhase section */

/* Begin PBXSourcesBuildPhase section */
		D305A8391E341A6B00262032 /* Sources */ = {
			isa = PBXSourcesBuildPhase;
			buildActionMask = 2147483647;
			files = (
				D305A8431E341A6B00262032 /* ViewController.swift in Sources */,
				D305A8411E341A6B00262032 /* AppDelegate.swift in Sources */,
			);
			runOnlyForDeploymentPostprocessing = 0;
		};
/* End PBXSourcesBuildPhase section */

/* Begin PBXVariantGroup section */
		D305A8441E341A6B00262032 /* Main.storyboard */ = {
			isa = PBXVariantGroup;
			children = (
				D305A8451E341A6B00262032 /* Base */,
			);
			name = Main.storyboard;
			sourceTree = "<group>";
		};
		D305A8491E341A6B00262032 /* LaunchScreen.storyboard */ = {
			isa = PBXVariantGroup;
			children = (
				D305A84A1E341A6B00262032 /* Base */,
			);
			name = LaunchScreen.storyboard;
			sourceTree = "<group>";
		};
/* End PBXVariantGroup section */

/* Begin XCBuildConfiguration section */
		D305A84D1E341A6B00262032 /* Debug */ = {
			isa = XCBuildConfiguration;
			buildSettings = {
				ALWAYS_SEARCH_USER_PATHS = NO;
				CLANG_ANALYZER_NONNULL = YES;
				CLANG_CXX_LANGUAGE_STANDARD = "gnu++0x";
				CLANG_CXX_LIBRARY = "libc++";
				CLANG_ENABLE_MODULES = YES;
				CLANG_ENABLE_OBJC_ARC = YES;
				CLANG_WARN_BOOL_CONVERSION = YES;
				CLANG_WARN_CONSTANT_CONVERSION = YES;
				CLANG_WARN_DIRECT_OBJC_ISA_USAGE = YES_ERROR;
				CLANG_WARN_DOCUMENTATION_COMMENTS = YES;
				CLANG_WARN_EMPTY_BODY = YES;
				CLANG_WARN_ENUM_CONVERSION = YES;
				CLANG_WARN_INFINITE_RECURSION = YES;
				CLANG_WARN_INT_CONVERSION = YES;
				CLANG_WARN_OBJC_ROOT_CLASS = YES_ERROR;
				CLANG_WARN_SUSPICIOUS_MOVE = YES;
				CLANG_WARN_UNREACHABLE_CODE = YES;
				CLANG_WARN__DUPLICATE_METHOD_MATCH = YES;
				"CODE_SIGN_IDENTITY[sdk=iphoneos*]" = "iPhone Developer";
				COPY_PHASE_STRIP = NO;
				DEBUG_INFORMATION_FORMAT = dwarf;
				ENABLE_STRICT_OBJC_MSGSEND = YES;
				ENABLE_TESTABILITY = YES;
				GCC_C_LANGUAGE_STANDARD = gnu99;
				GCC_DYNAMIC_NO_PIC = NO;
				GCC_NO_COMMON_BLOCKS = YES;
				GCC_OPTIMIZATION_LEVEL = 0;
				GCC_PREPROCESSOR_DEFINITIONS = (
					"DEBUG=1",
					"$(inherited)",
				);
				GCC_WARN_64_TO_32_BIT_CONVERSION = YES;
				GCC_WARN_ABOUT_RETURN_TYPE = YES_ERROR;
				GCC_WARN_UNDECLARED_SELECTOR = YES;
				GCC_WARN_UNINITIALIZED_AUTOS = YES_AGGRESSIVE;
				GCC_WARN_UNUSED_FUNCTION = YES;
				GCC_WARN_UNUSED_VARIABLE = YES;
				IPHONEOS_DEPLOYMENT_TARGET = 10.2;
				MTL_ENABLE_DEBUG_INFO = YES;
				ONLY_ACTIVE_ARCH = YES;
				SDKROOT = iphoneos;
				SWIFT_ACTIVE_COMPILATION_CONDITIONS = DEBUG;
				SWIFT_OPTIMIZATION_LEVEL = "-Onone";
			};
			name = Debug;
		};
		D305A84E1E341A6B00262032 /* Release */ = {
			isa = XCBuildConfiguration;
			buildSettings = {
				ALWAYS_SEARCH_USER_PATHS = NO;
				CLANG_ANALYZER_NONNULL = YES;
				CLANG_CXX_LANGUAGE_STANDARD = "gnu++0x";
				CLANG_CXX_LIBRARY = "libc++";
				CLANG_ENABLE_MODULES = YES;
				CLANG_ENABLE_OBJC_ARC = YES;
				CLANG_WARN_BOOL_CONVERSION = YES;
				CLANG_WARN_CONSTANT_CONVERSION = YES;
				CLANG_WARN_DIRECT_OBJC_ISA_USAGE = YES_ERROR;
				CLANG_WARN_DOCUMENTATION_COMMENTS = YES;
				CLANG_WARN_EMPTY_BODY = YES;
				CLANG_WARN_ENUM_CONVERSION = YES;
				CLANG_WARN_INFINITE_RECURSION = YES;
				CLANG_WARN_INT_CONVERSION = YES;
				CLANG_WARN_OBJC_ROOT_CLASS = YES_ERROR;
				CLANG_WARN_SUSPICIOUS_MOVE = YES;
				CLANG_WARN_UNREACHABLE_CODE = YES;
				CLANG_WARN__DUPLICATE_METHOD_MATCH = YES;
				"CODE_SIGN_IDENTITY[sdk=iphoneos*]" = "iPhone Developer";
				COPY_PHASE_STRIP = NO;
				DEBUG_INFORMATION_FORMAT = "dwarf-with-dsym";
				ENABLE_NS_ASSERTIONS = NO;
				ENABLE_STRICT_OBJC_MSGSEND = YES;
				GCC_C_LANGUAGE_STANDARD = gnu99;
				GCC_NO_COMMON_BLOCKS = YES;
				GCC_WARN_64_TO_32_BIT_CONVERSION = YES;
				GCC_WARN_ABOUT_RETURN_TYPE = YES_ERROR;
				GCC_WARN_UNDECLARED_SELECTOR = YES;
				GCC_WARN_UNINITIALIZED_AUTOS = YES_AGGRESSIVE;
				GCC_WARN_UNUSED_FUNCTION = YES;
				GCC_WARN_UNUSED_VARIABLE = YES;
				IPHONEOS_DEPLOYMENT_TARGET = 10.2;
				MTL_ENABLE_DEBUG_INFO = NO;
				SDKROOT = iphoneos;
				SWIFT_OPTIMIZATION_LEVEL = "-Owholemodule";
				VALIDATE_PRODUCT = YES;
			};
			name = Release;
		};
		D305A8501E341A6B00262032 /* Debug */ = {
			isa = XCBuildConfiguration;
			baseConfigurationReference = 5D28A360178FC671686956EE /* Pods-WMSKitDemo.debug.xcconfig */;
			buildSettings = {
				ASSETCATALOG_COMPILER_APPICON_NAME = AppIcon;
				DEVELOPMENT_TEAM = 7EW74P6JJK;
				INFOPLIST_FILE = WMSKitDemo/Info.plist;
				LD_RUNPATH_SEARCH_PATHS = "$(inherited) @executable_path/Frameworks";
				PRODUCT_BUNDLE_IDENTIFIER = no.forsen.WMSKitDemo;
				PRODUCT_NAME = "$(TARGET_NAME)";
				SWIFT_VERSION = 3.0;
			};
			name = Debug;
		};
		D305A8511E341A6B00262032 /* Release */ = {
			isa = XCBuildConfiguration;
			baseConfigurationReference = E566A1190082EF876F982DC3 /* Pods-WMSKitDemo.release.xcconfig */;
			buildSettings = {
				ASSETCATALOG_COMPILER_APPICON_NAME = AppIcon;
				DEVELOPMENT_TEAM = 7EW74P6JJK;
				INFOPLIST_FILE = WMSKitDemo/Info.plist;
				LD_RUNPATH_SEARCH_PATHS = "$(inherited) @executable_path/Frameworks";
				PRODUCT_BUNDLE_IDENTIFIER = no.forsen.WMSKitDemo;
				PRODUCT_NAME = "$(TARGET_NAME)";
				SWIFT_VERSION = 3.0;
			};
			name = Release;
		};
/* End XCBuildConfiguration section */

/* Begin XCConfigurationList section */
		D305A8381E341A6B00262032 /* Build configuration list for PBXProject "WMSKitDemo" */ = {
			isa = XCConfigurationList;
			buildConfigurations = (
				D305A84D1E341A6B00262032 /* Debug */,
				D305A84E1E341A6B00262032 /* Release */,
			);
			defaultConfigurationIsVisible = 0;
			defaultConfigurationName = Release;
		};
		D305A84F1E341A6B00262032 /* Build configuration list for PBXNativeTarget "WMSKitDemo" */ = {
			isa = XCConfigurationList;
			buildConfigurations = (
				D305A8501E341A6B00262032 /* Debug */,
				D305A8511E341A6B00262032 /* Release */,
			);
			defaultConfigurationIsVisible = 0;
		};
/* End XCConfigurationList section */
	};
	rootObject = D305A8351E341A6B00262032 /* Project object */;
}
